
Microsoft Visual Studio Solution File, Format Version 11.00
# Visual Studio 2010
Project("{FAE04EC0-301F-11D3-BF4B-00C04F79EFBC}") = "Geekbeing.Pusher.LiveChat.Web", "Geekbeing.Pusher.LiveChat.Web\Geekbeing.Pusher.LiveChat.Web.csproj", "{AB5F1321-6F22-4E25-9378-D378CA838572}"
EndProject
Global
	GlobalSection(SolutionConfigurationPlatforms) = preSolution
		Debug|Any CPU = Debug|Any CPU
		Release|Any CPU = Release|Any CPU
	EndGlobalSection
	GlobalSection(ProjectConfigurationPlatforms) = postSolution
		{AB5F1321-6F22-4E25-9378-D378CA838572}.Debug|Any CPU.ActiveCfg = Debug|Any CPU
		{AB5F1321-6F22-4E25-9378-D378CA838572}.Debug|Any CPU.Build.0 = Debug|Any CPU
		{AB5F1321-6F22-4E25-9378-D378CA838572}.Release|Any CPU.ActiveCfg = Release|Any CPU
		{AB5F1321-6F22-4E25-9378-D378CA838572}.Release|Any CPU.Build.0 = Release|Any CPU
	EndGlobalSection
	GlobalSection(SolutionProperties) = preSolution
		HideSolutionNode = FALSE
	EndGlobalSection
EndGlobal
